
Microsoft Visual Studio Solution File, Format Version 12.00
# Visual Studio Version 16
VisualStudioVersion = 16.0.31313.79
MinimumVisualStudioVersion = 10.0.40219.1
Project("{FAE04EC0-301F-11D3-BF4B-00C04F79EFBC}") = "TesteAPI_DIO_Camp", "TesteAPI_DIO_Camp\TesteAPI_DIO_Camp.csproj", "{F6F47FEF-C559-4543-8850-56F8EF0B808C}"
EndProject
Project("{FAE04EC0-301F-11D3-BF4B-00C04F79EFBC}") = "DioAPI", "DioAPI\DioAPI.csproj", "{B37F5108-CAA5-4912-AFDD-B12737B6F62B}"
EndProject
Project("{FAE04EC0-301F-11D3-BF4B-00C04F79EFBC}") = "DIO_Teste", "DIO_Teste\DIO_Teste.csproj", "{510920DF-D055-4512-BF84-D32A6A86B021}"
EndProject
Global
	GlobalSection(SolutionConfigurationPlatforms) = preSolution
		Debug|Any CPU = Debug|Any CPU
		Release|Any CPU = Release|Any CPU
	EndGlobalSection
	GlobalSection(ProjectConfigurationPlatforms) = postSolution
		{F6F47FEF-C559-4543-8850-56F8EF0B808C}.Debug|Any CPU.ActiveCfg = Debug|Any CPU
		{F6F47FEF-C559-4543-8850-56F8EF0B808C}.Debug|Any CPU.Build.0 = Debug|Any CPU
		{F6F47FEF-C559-4543-8850-56F8EF0B808C}.Release|Any CPU.ActiveCfg = Release|Any CPU
		{F6F47FEF-C559-4543-8850-56F8EF0B808C}.Release|Any CPU.Build.0 = Release|Any CPU
		{B37F5108-CAA5-4912-AFDD-B12737B6F62B}.Debug|Any CPU.ActiveCfg = Debug|Any CPU
		{B37F5108-CAA5-4912-AFDD-B12737B6F62B}.Debug|Any CPU.Build.0 = Debug|Any CPU
		{B37F5108-CAA5-4912-AFDD-B12737B6F62B}.Release|Any CPU.ActiveCfg = Release|Any CPU
		{B37F5108-CAA5-4912-AFDD-B12737B6F62B}.Release|Any CPU.Build.0 = Release|Any CPU
		{510920DF-D055-4512-BF84-D32A6A86B021}.Debug|Any CPU.ActiveCfg = Debug|Any CPU
		{510920DF-D055-4512-BF84-D32A6A86B021}.Debug|Any CPU.Build.0 = Debug|Any CPU
		{510920DF-D055-4512-BF84-D32A6A86B021}.Release|Any CPU.ActiveCfg = Release|Any CPU
		{510920DF-D055-4512-BF84-D32A6A86B021}.Release|Any CPU.Build.0 = Release|Any CPU
	EndGlobalSection
	GlobalSection(SolutionProperties) = preSolution
		HideSolutionNode = FALSE
	EndGlobalSection
	GlobalSection(ExtensibilityGlobals) = postSolution
		SolutionGuid = {30E41603-1E67-4200-A7D5-B5309EB366C1}
	EndGlobalSection
EndGlobal
